Microsoft Visual Studio Solution File, Format Version 12.00
# Visual Studio Version 17
VisualStudioVersion = 17.5.2.0
MinimumVisualStudioVersion = 10.0.40219.1
Project("{FAE04EC0-301F-11D3-BF4B-00C04F79EFBC}") = "Transpilador", "codigo\Transpilador.csproj", "{6ED2F616-37C2-A5D7-D713-9EDCD25E3FAA}"
EndProject
Global
	GlobalSection(SolutionConfigurationPlatforms) = preSolution
		Debug|Any CPU = Debug|Any CPU
		Release|Any CPU = Release|Any CPU
	EndGlobalSection
	GlobalSection(ProjectConfigurationPlatforms) = postSolution
		{6ED2F616-37C2-A5D7-D713-9EDCD25E3FAA}.Debug|Any CPU.ActiveCfg = Debug|Any CPU
		{6ED2F616-37C2-A5D7-D713-9EDCD25E3FAA}.Debug|Any CPU.Build.0 = Debug|Any CPU
		{6ED2F616-37C2-A5D7-D713-9EDCD25E3FAA}.Release|Any CPU.ActiveCfg = Release|Any CPU
		{6ED2F616-37C2-A5D7-D713-9EDCD25E3FAA}.Release|Any CPU.Build.0 = Release|Any CPU
	EndGlobalSection
	GlobalSection(SolutionProperties) = preSolution
		HideSolutionNode = FALSE
	EndGlobalSection
	GlobalSection(ExtensibilityGlobals) = postSolution
		SolutionGuid = {832EDED5-B71C-4CA2-B6BB-0184B4AE3424}
	EndGlobalSection
EndGlobal
